
Microsoft Visual Studio Solution File, Format Version 12.00
# Visual Studio Version 16
VisualStudioVersion = 16.0.31005.135
MinimumVisualStudioVersion = 10.0.40219.1
Project("{FAE04EC0-301F-11D3-BF4B-00C04F79EFBC}") = "Exam_01", "Exam_01\Exam_01.csproj", "{CA67BFA9-CA69-4A3A-B507-101DF23FBC6E}"
EndProject
Global
	GlobalSection(SolutionConfigurationPlatforms) = preSolution
		Debug|Any CPU = Debug|Any CPU
		Release|Any CPU = Release|Any CPU
	EndGlobalSection
	GlobalSection(ProjectConfigurationPlatforms) = postSolution
		{CA67BFA9-CA69-4A3A-B507-101DF23FBC6E}.Debug|Any CPU.ActiveCfg = Debug|Any CPU
		{CA67BFA9-CA69-4A3A-B507-101DF23FBC6E}.Debug|Any CPU.Build.0 = Debug|Any CPU
		{CA67BFA9-CA69-4A3A-B507-101DF23FBC6E}.Release|Any CPU.ActiveCfg = Release|Any CPU
		{CA67BFA9-CA69-4A3A-B507-101DF23FBC6E}.Release|Any CPU.Build.0 = Release|Any CPU
	EndGlobalSection
	GlobalSection(SolutionProperties) = preSolution
		HideSolutionNode = FALSE
	EndGlobalSection
	GlobalSection(ExtensibilityGlobals) = postSolution
		SolutionGuid = {173CD377-D35B-485F-B111-AF99761C3A94}
	EndGlobalSection
EndGlobal
